{
  "name": "kabangshou-plus-miniprogram",
  "lockfileVersion": 3,
  "requires": true,
  "packages": {
    "": {
      "name": "kabangshou-plus-miniprogram",
      "dependencies": {
        "supabase-wechat-stable-v2": "^2.2.0"
      }
    },
    "node_modules/phoenix": {
      "version": "1.8.5",
      "resolved": "https://registry.npmjs.org/phoenix/-/phoenix-1.8.5.tgz",
      "integrity": "sha512-Oj5nlRV/NKXkjBx8uMgCMmgMf1twd/B2qOcO30cHLH1PCGR8149o4T1lRIaqN4nq2KQJAeMqPiLdh1Asd0wQFg==",
      "license": "MIT"
    },
    "node_modules/supabase-wechat-stable-v2": {
      "version": "2.2.0",
      "resolved": "https://registry.npmjs.org/supabase-wechat-stable-v2/-/supabase-wechat-stable-v2-2.2.0.tgz",
      "integrity": "sha512-vxDoMD5D451xpvDiqUDOzny7R0zuqKzHJ7GJu6doFxhs6DrmPvv24asLTh/NnjREuGqtrlhYdvLpQFPjMGR0+w==",
      "license": "MIT",
      "dependencies": {
        "phoenix": "^1.6.16"
      }
    }
  }
}
